
Microsoft Visual Studio Solution File, Format Version 12.00
# Visual Studio Version 17
VisualStudioVersion = 17.4.33122.133
MinimumVisualStudioVersion = 10.0.40219.1
Project("{FAE04EC0-301F-11D3-BF4B-00C04F79EFBC}") = "WindowsFormsApp1", "WindowsFormsApp1\WindowsFormsApp1.csproj", "{DAAAE3DE-FBBD-4936-8BFC-A440E2DB3D16}"
EndProject
Global
	GlobalSection(SolutionConfigurationPlatforms) = preSolution
		Debug|Any CPU = Debug|Any CPU
		Release|Any CPU = Release|Any CPU
	EndGlobalSection
	GlobalSection(ProjectConfigurationPlatforms) = postSolution
		{DAAAE3DE-FBBD-4936-8BFC-A440E2DB3D16}.Debug|Any CPU.ActiveCfg = Debug|Any CPU
		{DAAAE3DE-FBBD-4936-8BFC-A440E2DB3D16}.Debug|Any CPU.Build.0 = Debug|Any CPU
		{DAAAE3DE-FBBD-4936-8BFC-A440E2DB3D16}.Release|Any CPU.ActiveCfg = Release|Any CPU
		{DAAAE3DE-FBBD-4936-8BFC-A440E2DB3D16}.Release|Any CPU.Build.0 = Release|Any CPU
	EndGlobalSection
	GlobalSection(SolutionProperties) = preSolution
		HideSolutionNode = FALSE
	EndGlobalSection
	GlobalSection(ExtensibilityGlobals) = postSolution
		SolutionGuid = {D45486BC-0DFE-4B83-B5D9-A6003795487D}
	EndGlobalSection
EndGlobal
